{
  "lockfile_version": "1",
  "packages": {
    "claude-code@latest": {
      "last_modified": "2025-09-19T15:05:15Z",
      "resolved": "github:NixOS/nixpkgs/90ade7da38aa49c2e2693a04a44662a0e61530e9#claude-code",
      "source": "devbox-search",
      "version": "1.0.119",
      "systems": {
        "aarch64-darwin": {
          "outputs": [
            {
              "name": "out",
              "path": "/nix/store/r32qsmd0qhfy2iydx30fjmlnzqah3nmf-claude-code-1.0.119",
              "default": true
            }
          ],
          "store_path": "/nix/store/r32qsmd0qhfy2iydx30fjmlnzqah3nmf-claude-code-1.0.119"
        },
        "aarch64-linux": {
          "outputs": [
            {
              "name": "out",
              "path": "/nix/store/3bix44aafi9r94zsgm4bg8gg4x6bxlb7-claude-code-1.0.119",
              "default": true
            }
          ],
          "store_path": "/nix/store/3bix44aafi9r94zsgm4bg8gg4x6bxlb7-claude-code-1.0.119"
        },
        "x86_64-darwin": {
          "outputs": [
            {
              "name": "out",
              "path": "/nix/store/pry25fmj0yh0cyfyaj0w8gq35cxm9gyd-claude-code-1.0.119",
              "default": true
            }
          ],
          "store_path": "/nix/store/pry25fmj0yh0cyfyaj0w8gq35cxm9gyd-claude-code-1.0.119"
        },
        "x86_64-linux": {
          "outputs": [
            {
              "name": "out",
              "path": "/nix/store/94qr7pbnzdnk23y4waxzhliwc24hkr8y-claude-code-1.0.119",
              "default": true
            }
          ],
          "store_path": "/nix/store/94qr7pbnzdnk23y4waxzhliwc24hkr8y-claude-code-1.0.119"
        }
      }
    },
    "github-cli@latest": {
      "last_modified": "2023-02-24T09:01:09Z",
      "resolved": "github:NixOS/nixpkgs/7d0ed7f2e5aea07ab22ccb338d27fbe347ed2f11#github-cli",
      "source": "devbox-search",
      "version": "2.23.0"
    },
    "github:NixOS/nixpkgs/nixpkgs-unstable": {
      "last_modified": "2025-10-02T15:02:55Z",
      "resolved": "github:NixOS/nixpkgs/dc704e6102e76aad573f63b74c742cd96f8f1e6c?lastModified=1759417375&narHash=sha256-O7eHcgkQXJNygY6AypkF9tFhsoDQjpNEojw3eFs73Ow%3D"
    },
    "python@latest": {
      "last_modified": "2025-05-16T20:19:48Z",
      "plugin_version": "0.0.4",
      "resolved": "github:NixOS/nixpkgs/12a55407652e04dcf2309436eb06fef0d3713ef3#python313",
      "source": "devbox-search",
      "version": "3.13.3",
      "systems": {
        "aarch64-darwin": {
          "outputs": [
            {
              "name": "out",
              "path": "/nix/store/1a8xg8l3m67hxinxzzcsak9736qm9vsf-python3-3.13.3",
              "default": true
            }
          ],
          "store_path": "/nix/store/1a8xg8l3m67hxinxzzcsak9736qm9vsf-python3-3.13.3"
        },
        "aarch64-linux": {
          "outputs": [
            {
              "name": "out",
              "path": "/nix/store/yy0xvc2rydhrs0h1v8d7r3sql347xzz5-python3-3.13.3",
              "default": true
            },
            {
              "name": "debug",
              "path": "/nix/store/42bxfqfrh8cwspl7szr0cw8739xv8qlq-python3-3.13.3-debug"
            }
          ],
          "store_path": "/nix/store/yy0xvc2rydhrs0h1v8d7r3sql347xzz5-python3-3.13.3"
        },
        "x86_64-darwin": {
          "outputs": [
            {
              "name": "out",
              "path": "/nix/store/gbrigjhghz9v2p0zf9b2fnvs0g0yx7q4-python3-3.13.3",
              "default": true
            }
          ],
          "store_path": "/nix/store/gbrigjhghz9v2p0zf9b2fnvs0g0yx7q4-python3-3.13.3"
        },
        "x86_64-linux": {
          "outputs": [
            {
              "name": "out",
              "path": "/nix/store/2mab9iiwhcqwk75qwvp3zv0bvbiaq6cs-python3-3.13.3",
              "default": true
            },
            {
              "name": "debug",
              "path": "/nix/store/9z6k8ijl2md0y2n95yprbjj4vxbfsi15-python3-3.13.3-debug"
            }
          ],
          "store_path": "/nix/store/2mab9iiwhcqwk75qwvp3zv0bvbiaq6cs-python3-3.13.3"
        }
      }
    }
  }
}
